
Microsoft Visual Studio Solution File, Format Version 12.00
# Visual Studio Version 17
VisualStudioVersion = 17.7.34202.233
MinimumVisualStudioVersion = 10.0.40219.1
Project("{FAE04EC0-301F-11D3-BF4B-00C04F79EFBC}") = "password_manager", "password_manager\password_manager.csproj", "{7141FD72-AA73-4017-8F94-07F12F8D3260}"
EndProject
Global
	GlobalSection(SolutionConfigurationPlatforms) = preSolution
		Debug|Any CPU = Debug|Any CPU
		Release|Any CPU = Release|Any CPU
	EndGlobalSection
	GlobalSection(ProjectConfigurationPlatforms) = postSolution
		{7141FD72-AA73-4017-8F94-07F12F8D3260}.Debug|Any CPU.ActiveCfg = Debug|Any CPU
		{7141FD72-AA73-4017-8F94-07F12F8D3260}.Debug|Any CPU.Build.0 = Debug|Any CPU
		{7141FD72-AA73-4017-8F94-07F12F8D3260}.Release|Any CPU.ActiveCfg = Release|Any CPU
		{7141FD72-AA73-4017-8F94-07F12F8D3260}.Release|Any CPU.Build.0 = Release|Any CPU
	EndGlobalSection
	GlobalSection(SolutionProperties) = preSolution
		HideSolutionNode = FALSE
	EndGlobalSection
	GlobalSection(ExtensibilityGlobals) = postSolution
		SolutionGuid = {BE62091A-FD18-48BF-AB97-C496E0E78391}
	EndGlobalSection
EndGlobal
