
Microsoft Visual Studio Solution File, Format Version 12.00
# Visual Studio Version 17
VisualStudioVersion = 17.7.34202.233
MinimumVisualStudioVersion = 10.0.40219.1
Project("{9A19103F-16F7-4668-BE54-9A1E7A4F7556}") = "PasswordManager.Domain", "PasswordManager.Domain\PasswordManager.Domain.csproj", "{34C8C47A-B831-4D68-8956-95E4C2DBF501}"
EndProject
Project("{9A19103F-16F7-4668-BE54-9A1E7A4F7556}") = "PasswordManager.EntityFramework", "PasswordManager.EntityFramework\PasswordManager.EntityFramework.csproj", "{C47F2089-A8A7-4ACD-9842-188AF8688AC7}"
EndProject
Project("{FAE04EC0-301F-11D3-BF4B-00C04F79EFBC}") = "PasswordManager.WPF", "PasswordManager.WPF\PasswordManager.WPF.csproj", "{88F12BC2-E64D-4CD1-BE89-3055DDDF31CB}"
	ProjectSection(ProjectDependencies) = postProject
		{34C8C47A-B831-4D68-8956-95E4C2DBF501} = {34C8C47A-B831-4D68-8956-95E4C2DBF501}
		{C47F2089-A8A7-4ACD-9842-188AF8688AC7} = {C47F2089-A8A7-4ACD-9842-188AF8688AC7}
	EndProjectSection
EndProject
Global
	GlobalSection(SolutionConfigurationPlatforms) = preSolution
		Debug|Any CPU = Debug|Any CPU
		Release|Any CPU = Release|Any CPU
	EndGlobalSection
	GlobalSection(ProjectConfigurationPlatforms) = postSolution
		{34C8C47A-B831-4D68-8956-95E4C2DBF501}.Debug|Any CPU.ActiveCfg = Debug|Any CPU
		{34C8C47A-B831-4D68-8956-95E4C2DBF501}.Debug|Any CPU.Build.0 = Debug|Any CPU
		{34C8C47A-B831-4D68-8956-95E4C2DBF501}.Release|Any CPU.ActiveCfg = Release|Any CPU
		{34C8C47A-B831-4D68-8956-95E4C2DBF501}.Release|Any CPU.Build.0 = Release|Any CPU
		{C47F2089-A8A7-4ACD-9842-188AF8688AC7}.Debug|Any CPU.ActiveCfg = Debug|Any CPU
		{C47F2089-A8A7-4ACD-9842-188AF8688AC7}.Debug|Any CPU.Build.0 = Debug|Any CPU
		{C47F2089-A8A7-4ACD-9842-188AF8688AC7}.Release|Any CPU.ActiveCfg = Release|Any CPU
		{C47F2089-A8A7-4ACD-9842-188AF8688AC7}.Release|Any CPU.Build.0 = Release|Any CPU
		{88F12BC2-E64D-4CD1-BE89-3055DDDF31CB}.Debug|Any CPU.ActiveCfg = Debug|Any CPU
		{88F12BC2-E64D-4CD1-BE89-3055DDDF31CB}.Debug|Any CPU.Build.0 = Debug|Any CPU
		{88F12BC2-E64D-4CD1-BE89-3055DDDF31CB}.Release|Any CPU.ActiveCfg = Release|Any CPU
		{88F12BC2-E64D-4CD1-BE89-3055DDDF31CB}.Release|Any CPU.Build.0 = Release|Any CPU
	EndGlobalSection
	GlobalSection(SolutionProperties) = preSolution
		HideSolutionNode = FALSE
	EndGlobalSection
	GlobalSection(ExtensibilityGlobals) = postSolution
		SolutionGuid = {E881004F-4BD8-4608-A7C2-19EA596CFDF9}
	EndGlobalSection
EndGlobal
